# Generated by buf. DO NOT EDIT.
version: v2
deps:
  - name: buf.build/agglayer/agglayer
    commit: 57743a879f16408a884b0d3484e7b0c2
    digest: b5:8518aac1006bad7b202c17020760371223f435a23708c39f172a7eb5ce02a2811e14c621fa7b39ef2910cb32f22bb33654489606ee066dc62e9ff7411ad43024
  - name: buf.build/agglayer/interop
    commit: 85e8a3d9f59c4f9790789b45afb87c8e
    digest: b5:27520cc3a605a2a49e8b577e89f2cdd1796e91823ad23088be0cf43dbf7760eaa0949d460bfb69156633b7a3d5e921f8f3b08143062db4f82e41cef1834592f7
