# Generated by buf. DO NOT EDIT.
version: v2
deps:
  - name: buf.build/agglayer/agglayer
    commit: 293e4b4c9be24896b6829f4e5fa19b08
    digest: b5:e8bc39234f135b01b61ec95a4b16e754206c68af8eee40149d9fffae100ebfa8d0a95ed1615b4ad1f56d74b559ced15748a6882d45a95bc5eaace710d95cf3eb
  - name: buf.build/agglayer/interop
    commit: 31a4887bc637444c819f92e05c0ebc93
    digest: b5:16cba44cc3991d20b7575ea30d6d9377d389e6616eb2a84b41900fa92b0a3c67545a32d3676011dc1f4dfda0c3bf1befd2d95428b83527913a981cf64a2dceae
